
Microsoft Visual Studio Solution File, Format Version 12.00
# Visual Studio 15
VisualStudioVersion = 15.0.26228.9
MinimumVisualStudioVersion = 10.0.40219.1
Project("{FAE04EC0-301F-11D3-BF4B-00C04F79EFBC}") = "HomeWork1", "HomeWork1\HomeWork1.csproj", "{3B1BA101-40DB-4708-B827-A95399CE6084}"
EndProject
Project("{FAE04EC0-301F-11D3-BF4B-00C04F79EFBC}") = "HomeWork2", "HomeWork2\HomeWork2.csproj", "{D404E965-491B-442F-A3E1-982DBE82B812}"
EndProject
Project("{FAE04EC0-301F-11D3-BF4B-00C04F79EFBC}") = "HomeWork3", "HomeWork3\HomeWork3.csproj", "{572DE4B8-8E73-404F-8A90-57A30C7ECD10}"
EndProject
Project("{FAE04EC0-301F-11D3-BF4B-00C04F79EFBC}") = "HomeWork4", "HomeWork4\HomeWork4.csproj", "{415E02FC-BBC4-484D-9211-58C14885ED58}"
EndProject
Project("{FAE04EC0-301F-11D3-BF4B-00C04F79EFBC}") = "HomeWork5", "HomeWork5\HomeWork5.csproj", "{9D16984D-ACE5-48FA-B56B-3944C31C2E89}"
EndProject
Global
	GlobalSection(SolutionConfigurationPlatforms) = preSolution
		Debug|Any CPU = Debug|Any CPU
		Release|Any CPU = Release|Any CPU
	EndGlobalSection
	GlobalSection(ProjectConfigurationPlatforms) = postSolution
		{3B1BA101-40DB-4708-B827-A95399CE6084}.Debug|Any CPU.ActiveCfg = Debug|Any CPU
		{3B1BA101-40DB-4708-B827-A95399CE6084}.Debug|Any CPU.Build.0 = Debug|Any CPU
		{3B1BA101-40DB-4708-B827-A95399CE6084}.Release|Any CPU.ActiveCfg = Release|Any CPU
		{3B1BA101-40DB-4708-B827-A95399CE6084}.Release|Any CPU.Build.0 = Release|Any CPU
		{D404E965-491B-442F-A3E1-982DBE82B812}.Debug|Any CPU.ActiveCfg = Debug|Any CPU
		{D404E965-491B-442F-A3E1-982DBE82B812}.Debug|Any CPU.Build.0 = Debug|Any CPU
		{D404E965-491B-442F-A3E1-982DBE82B812}.Release|Any CPU.ActiveCfg = Release|Any CPU
		{D404E965-491B-442F-A3E1-982DBE82B812}.Release|Any CPU.Build.0 = Release|Any CPU
		{572DE4B8-8E73-404F-8A90-57A30C7ECD10}.Debug|Any CPU.ActiveCfg = Debug|Any CPU
		{572DE4B8-8E73-404F-8A90-57A30C7ECD10}.Debug|Any CPU.Build.0 = Debug|Any CPU
		{572DE4B8-8E73-404F-8A90-57A30C7ECD10}.Release|Any CPU.ActiveCfg = Release|Any CPU
		{572DE4B8-8E73-404F-8A90-57A30C7ECD10}.Release|Any CPU.Build.0 = Release|Any CPU
		{415E02FC-BBC4-484D-9211-58C14885ED58}.Debug|Any CPU.ActiveCfg = Debug|Any CPU
		{415E02FC-BBC4-484D-9211-58C14885ED58}.Debug|Any CPU.Build.0 = Debug|Any CPU
		{415E02FC-BBC4-484D-9211-58C14885ED58}.Release|Any CPU.ActiveCfg = Release|Any CPU
		{415E02FC-BBC4-484D-9211-58C14885ED58}.Release|Any CPU.Build.0 = Release|Any CPU
		{9D16984D-ACE5-48FA-B56B-3944C31C2E89}.Debug|Any CPU.ActiveCfg = Debug|Any CPU
		{9D16984D-ACE5-48FA-B56B-3944C31C2E89}.Debug|Any CPU.Build.0 = Debug|Any CPU
		{9D16984D-ACE5-48FA-B56B-3944C31C2E89}.Release|Any CPU.ActiveCfg = Release|Any CPU
		{9D16984D-ACE5-48FA-B56B-3944C31C2E89}.Release|Any CPU.Build.0 = Release|Any CPU
	EndGlobalSection
	GlobalSection(SolutionProperties) = preSolution
		HideSolutionNode = FALSE
	EndGlobalSection
EndGlobal
