
Microsoft Visual Studio Solution File, Format Version 12.00
# Visual Studio 15
VisualStudioVersion = 15.0.26228.9
MinimumVisualStudioVersion = 10.0.40219.1
Project("{FAE04EC0-301F-11D3-BF4B-00C04F79EFBC}") = "HomeWork1", "HomeWork1\HomeWork1.csproj", "{3B1BA101-40DB-4708-B827-A95399CE6084}"
EndProject
Project("{FAE04EC0-301F-11D3-BF4B-00C04F79EFBC}") = "HomeWork2", "HomeWork2\HomeWork2.csproj", "{D404E965-491B-442F-A3E1-982DBE82B812}"
EndProject
Project("{FAE04EC0-301F-11D3-BF4B-00C04F79EFBC}") = "HomeWork3", "HomeWork3\HomeWork3.csproj", "{572DE4B8-8E73-404F-8A90-57A30C7ECD10}"
EndProject
Project("{FAE04EC0-301F-11D3-BF4B-00C04F79EFBC}") = "HomeWork4", "HomeWork4\HomeWork4.csproj", "{415E02FC-BBC4-484D-9211-58C14885ED58}"
EndProject
Project("{FAE04EC0-301F-11D3-BF4B-00C04F79EFBC}") = "HomeWork5", "HomeWork5\HomeWork5.csproj", "{9D16984D-ACE5-48FA-B56B-3944C31C2E89}"
EndProject
Project("{FAE04EC0-301F-11D3-BF4B-00C04F79EFBC}") = "HomeWork7", "Homework7\HomeWork7.csproj", "{9CCB821D-5B95-4BB3-BAA8-9CD81911526E}"
EndProject
Project("{FAE04EC0-301F-11D3-BF4B-00C04F79EFBC}") = "HomeWork6", "HomeWork6\HomeWork6.csproj", "{6C693C95-09CC-492A-A6F1-E9E9C35DEF9F}"
EndProject
Project("{FAE04EC0-301F-11D3-BF4B-00C04F79EFBC}") = "HomeWork8", "HomeWork8\HomeWork8.csproj", "{A7234EE8-95B2-4B70-8DDC-119EFB0AB7AE}"
EndProject
Project("{FAE04EC0-301F-11D3-BF4B-00C04F79EFBC}") = "HomeWork9", "HomeWork9\HomeWork9.csproj", "{F3957B5F-B737-44DB-AE46-08CDF5546CC4}"
EndProject
Project("{FAE04EC0-301F-11D3-BF4B-00C04F79EFBC}") = "Lesson6", "ConsoleApp1\Lesson6.csproj", "{1AC185F8-01BF-45DA-8346-3CF0AC80CDCD}"
EndProject
Project("{FAE04EC0-301F-11D3-BF4B-00C04F79EFBC}") = "Lesson7_TestTask", "ConsoleApp2\Lesson7_TestTask.csproj", "{AADDAD1E-4D64-4F6B-8593-8BE57980726D}"
EndProject
Project("{FAE04EC0-301F-11D3-BF4B-00C04F79EFBC}") = "Lesson7_TestTask2", "Lesson6_TestTasks\Lesson7_TestTask2.csproj", "{E0B36E96-42FC-4894-A7FF-679D3837EF59}"
EndProject
Project("{FAE04EC0-301F-11D3-BF4B-00C04F79EFBC}") = "Lesson7_TestTask3", "Lesson7_TestTask3\Lesson7_TestTask3.csproj", "{E8E971DB-8469-4EC2-9D8A-278DCEBF5C58}"
EndProject
Project("{FAE04EC0-301F-11D3-BF4B-00C04F79EFBC}") = "Lesson10", "Lesson10\Lesson10.csproj", "{39B6F85D-04E0-4763-8B27-BA87305CEC69}"
EndProject
Project("{FAE04EC0-301F-11D3-BF4B-00C04F79EFBC}") = "Lesson11_WebApplication", "Lesson11_WebApplication\Lesson11_WebApplication.csproj", "{906749D9-E032-4002-B6BB-9CC8CCEF591C}"
EndProject
Project("{FAE04EC0-301F-11D3-BF4B-00C04F79EFBC}") = "Lesson7_TestTask1", "Lesson7_TestTask1\Lesson7_TestTask1.csproj", "{6002D9AB-3579-49B8-A1CC-2F75380CFB93}"
EndProject
Project("{FAE04EC0-301F-11D3-BF4B-00C04F79EFBC}") = "Exam_Task_1", "Exam_Task_1\Exam_Task_1.csproj", "{2C052C94-4BA4-4186-80B0-0E8D938A93B4}"
EndProject
Project("{FAE04EC0-301F-11D3-BF4B-00C04F79EFBC}") = "Exam_Task_2", "Exam_Task_2\Exam_Task_2.csproj", "{112080BE-192A-4830-97E7-73CA2390E609}"
EndProject
Project("{FAE04EC0-301F-11D3-BF4B-00C04F79EFBC}") = "OMTestTask", "OMTestTask\OMTestTask.csproj", "{6F36ADAC-93AD-4FD2-98D2-E2FBE5798CD5}"
EndProject
Global
	GlobalSection(SolutionConfigurationPlatforms) = preSolution
		Debug|Any CPU = Debug|Any CPU
		Release|Any CPU = Release|Any CPU
	EndGlobalSection
	GlobalSection(ProjectConfigurationPlatforms) = postSolution
		{3B1BA101-40DB-4708-B827-A95399CE6084}.Debug|Any CPU.ActiveCfg = Debug|Any CPU
		{3B1BA101-40DB-4708-B827-A95399CE6084}.Debug|Any CPU.Build.0 = Debug|Any CPU
		{3B1BA101-40DB-4708-B827-A95399CE6084}.Release|Any CPU.ActiveCfg = Release|Any CPU
		{3B1BA101-40DB-4708-B827-A95399CE6084}.Release|Any CPU.Build.0 = Release|Any CPU
		{D404E965-491B-442F-A3E1-982DBE82B812}.Debug|Any CPU.ActiveCfg = Debug|Any CPU
		{D404E965-491B-442F-A3E1-982DBE82B812}.Debug|Any CPU.Build.0 = Debug|Any CPU
		{D404E965-491B-442F-A3E1-982DBE82B812}.Release|Any CPU.ActiveCfg = Release|Any CPU
		{D404E965-491B-442F-A3E1-982DBE82B812}.Release|Any CPU.Build.0 = Release|Any CPU
		{572DE4B8-8E73-404F-8A90-57A30C7ECD10}.Debug|Any CPU.ActiveCfg = Debug|Any CPU
		{572DE4B8-8E73-404F-8A90-57A30C7ECD10}.Debug|Any CPU.Build.0 = Debug|Any CPU
		{572DE4B8-8E73-404F-8A90-57A30C7ECD10}.Release|Any CPU.ActiveCfg = Release|Any CPU
		{572DE4B8-8E73-404F-8A90-57A30C7ECD10}.Release|Any CPU.Build.0 = Release|Any CPU
		{415E02FC-BBC4-484D-9211-58C14885ED58}.Debug|Any CPU.ActiveCfg = Debug|Any CPU
		{415E02FC-BBC4-484D-9211-58C14885ED58}.Debug|Any CPU.Build.0 = Debug|Any CPU
		{415E02FC-BBC4-484D-9211-58C14885ED58}.Release|Any CPU.ActiveCfg = Release|Any CPU
		{415E02FC-BBC4-484D-9211-58C14885ED58}.Release|Any CPU.Build.0 = Release|Any CPU
		{9D16984D-ACE5-48FA-B56B-3944C31C2E89}.Debug|Any CPU.ActiveCfg = Debug|Any CPU
		{9D16984D-ACE5-48FA-B56B-3944C31C2E89}.Debug|Any CPU.Build.0 = Debug|Any CPU
		{9D16984D-ACE5-48FA-B56B-3944C31C2E89}.Release|Any CPU.ActiveCfg = Release|Any CPU
		{9D16984D-ACE5-48FA-B56B-3944C31C2E89}.Release|Any CPU.Build.0 = Release|Any CPU
		{9CCB821D-5B95-4BB3-BAA8-9CD81911526E}.Debug|Any CPU.ActiveCfg = Debug|Any CPU
		{9CCB821D-5B95-4BB3-BAA8-9CD81911526E}.Debug|Any CPU.Build.0 = Debug|Any CPU
		{9CCB821D-5B95-4BB3-BAA8-9CD81911526E}.Release|Any CPU.ActiveCfg = Release|Any CPU
		{9CCB821D-5B95-4BB3-BAA8-9CD81911526E}.Release|Any CPU.Build.0 = Release|Any CPU
		{6C693C95-09CC-492A-A6F1-E9E9C35DEF9F}.Debug|Any CPU.ActiveCfg = Debug|Any CPU
		{6C693C95-09CC-492A-A6F1-E9E9C35DEF9F}.Debug|Any CPU.Build.0 = Debug|Any CPU
		{6C693C95-09CC-492A-A6F1-E9E9C35DEF9F}.Release|Any CPU.ActiveCfg = Release|Any CPU
		{6C693C95-09CC-492A-A6F1-E9E9C35DEF9F}.Release|Any CPU.Build.0 = Release|Any CPU
		{A7234EE8-95B2-4B70-8DDC-119EFB0AB7AE}.Debug|Any CPU.ActiveCfg = Debug|Any CPU
		{A7234EE8-95B2-4B70-8DDC-119EFB0AB7AE}.Debug|Any CPU.Build.0 = Debug|Any CPU
		{A7234EE8-95B2-4B70-8DDC-119EFB0AB7AE}.Release|Any CPU.ActiveCfg = Release|Any CPU
		{A7234EE8-95B2-4B70-8DDC-119EFB0AB7AE}.Release|Any CPU.Build.0 = Release|Any CPU
		{F3957B5F-B737-44DB-AE46-08CDF5546CC4}.Debug|Any CPU.ActiveCfg = Debug|Any CPU
		{F3957B5F-B737-44DB-AE46-08CDF5546CC4}.Debug|Any CPU.Build.0 = Debug|Any CPU
		{F3957B5F-B737-44DB-AE46-08CDF5546CC4}.Release|Any CPU.ActiveCfg = Release|Any CPU
		{F3957B5F-B737-44DB-AE46-08CDF5546CC4}.Release|Any CPU.Build.0 = Release|Any CPU
		{1AC185F8-01BF-45DA-8346-3CF0AC80CDCD}.Debug|Any CPU.ActiveCfg = Debug|Any CPU
		{1AC185F8-01BF-45DA-8346-3CF0AC80CDCD}.Debug|Any CPU.Build.0 = Debug|Any CPU
		{1AC185F8-01BF-45DA-8346-3CF0AC80CDCD}.Release|Any CPU.ActiveCfg = Release|Any CPU
		{1AC185F8-01BF-45DA-8346-3CF0AC80CDCD}.Release|Any CPU.Build.0 = Release|Any CPU
		{AADDAD1E-4D64-4F6B-8593-8BE57980726D}.Debug|Any CPU.ActiveCfg = Debug|Any CPU
		{AADDAD1E-4D64-4F6B-8593-8BE57980726D}.Debug|Any CPU.Build.0 = Debug|Any CPU
		{AADDAD1E-4D64-4F6B-8593-8BE57980726D}.Release|Any CPU.ActiveCfg = Release|Any CPU
		{AADDAD1E-4D64-4F6B-8593-8BE57980726D}.Release|Any CPU.Build.0 = Release|Any CPU
		{E0B36E96-42FC-4894-A7FF-679D3837EF59}.Debug|Any CPU.ActiveCfg = Debug|Any CPU
		{E0B36E96-42FC-4894-A7FF-679D3837EF59}.Debug|Any CPU.Build.0 = Debug|Any CPU
		{E0B36E96-42FC-4894-A7FF-679D3837EF59}.Release|Any CPU.ActiveCfg = Release|Any CPU
		{E0B36E96-42FC-4894-A7FF-679D3837EF59}.Release|Any CPU.Build.0 = Release|Any CPU
		{E8E971DB-8469-4EC2-9D8A-278DCEBF5C58}.Debug|Any CPU.ActiveCfg = Debug|Any CPU
		{E8E971DB-8469-4EC2-9D8A-278DCEBF5C58}.Debug|Any CPU.Build.0 = Debug|Any CPU
		{E8E971DB-8469-4EC2-9D8A-278DCEBF5C58}.Release|Any CPU.ActiveCfg = Release|Any CPU
		{E8E971DB-8469-4EC2-9D8A-278DCEBF5C58}.Release|Any CPU.Build.0 = Release|Any CPU
		{39B6F85D-04E0-4763-8B27-BA87305CEC69}.Debug|Any CPU.ActiveCfg = Debug|Any CPU
		{39B6F85D-04E0-4763-8B27-BA87305CEC69}.Debug|Any CPU.Build.0 = Debug|Any CPU
		{39B6F85D-04E0-4763-8B27-BA87305CEC69}.Release|Any CPU.ActiveCfg = Release|Any CPU
		{39B6F85D-04E0-4763-8B27-BA87305CEC69}.Release|Any CPU.Build.0 = Release|Any CPU
		{906749D9-E032-4002-B6BB-9CC8CCEF591C}.Debug|Any CPU.ActiveCfg = Debug|Any CPU
		{906749D9-E032-4002-B6BB-9CC8CCEF591C}.Debug|Any CPU.Build.0 = Debug|Any CPU
		{906749D9-E032-4002-B6BB-9CC8CCEF591C}.Release|Any CPU.ActiveCfg = Release|Any CPU
		{906749D9-E032-4002-B6BB-9CC8CCEF591C}.Release|Any CPU.Build.0 = Release|Any CPU
		{6002D9AB-3579-49B8-A1CC-2F75380CFB93}.Debug|Any CPU.ActiveCfg = Debug|Any CPU
		{6002D9AB-3579-49B8-A1CC-2F75380CFB93}.Debug|Any CPU.Build.0 = Debug|Any CPU
		{6002D9AB-3579-49B8-A1CC-2F75380CFB93}.Release|Any CPU.ActiveCfg = Release|Any CPU
		{6002D9AB-3579-49B8-A1CC-2F75380CFB93}.Release|Any CPU.Build.0 = Release|Any CPU
		{2C052C94-4BA4-4186-80B0-0E8D938A93B4}.Debug|Any CPU.ActiveCfg = Debug|Any CPU
		{2C052C94-4BA4-4186-80B0-0E8D938A93B4}.Debug|Any CPU.Build.0 = Debug|Any CPU
		{2C052C94-4BA4-4186-80B0-0E8D938A93B4}.Release|Any CPU.ActiveCfg = Release|Any CPU
		{2C052C94-4BA4-4186-80B0-0E8D938A93B4}.Release|Any CPU.Build.0 = Release|Any CPU
		{112080BE-192A-4830-97E7-73CA2390E609}.Debug|Any CPU.ActiveCfg = Debug|Any CPU
		{112080BE-192A-4830-97E7-73CA2390E609}.Debug|Any CPU.Build.0 = Debug|Any CPU
		{112080BE-192A-4830-97E7-73CA2390E609}.Release|Any CPU.ActiveCfg = Release|Any CPU
		{112080BE-192A-4830-97E7-73CA2390E609}.Release|Any CPU.Build.0 = Release|Any CPU
		{6F36ADAC-93AD-4FD2-98D2-E2FBE5798CD5}.Debug|Any CPU.ActiveCfg = Debug|Any CPU
		{6F36ADAC-93AD-4FD2-98D2-E2FBE5798CD5}.Debug|Any CPU.Build.0 = Debug|Any CPU
		{6F36ADAC-93AD-4FD2-98D2-E2FBE5798CD5}.Release|Any CPU.ActiveCfg = Release|Any CPU
		{6F36ADAC-93AD-4FD2-98D2-E2FBE5798CD5}.Release|Any CPU.Build.0 = Release|Any CPU
	EndGlobalSection
	GlobalSection(SolutionProperties) = preSolution
		HideSolutionNode = FALSE
	EndGlobalSection
EndGlobal
